// !$*UTF8*$!
{
	archiveVersion = 1;
	classes = {
	};
	objectVersion = 50;
	objects = {

/* Begin PBXBuildFile section */
		15239D6D85C207CBC51273A8 /* Pods_USERS_LIST.framework in Frameworks */ = {isa = PBXBuildFile; fileRef = 41D704E718151E55A14A5341 /* Pods_USERS_LIST.framework */; };
		68C21E6D217B186500457698 /* AppDelegate.swift in Sources */ = {isa = PBXBuildFile; fileRef = 68C21E6C217B186500457698 /* AppDelegate.swift */; };
		68C21E6F217B186500457698 /* UsersViewController.swift in Sources */ = {isa = PBXBuildFile; fileRef = 68C21E6E217B186500457698 /* UsersViewController.swift */; };
		68C21E72217B186500457698 /* Users.storyboard in Resources */ = {isa = PBXBuildFile; fileRef = 68C21E70217B186500457698 /* Users.storyboard */; };
		68C21E74217B186700457698 /* Assets.xcassets in Resources */ = {isa = PBXBuildFile; fileRef = 68C21E73217B186700457698 /* Assets.xcassets */; };
		68C21E77217B186700457698 /* LaunchScreen.storyboard in Resources */ = {isa = PBXBuildFile; fileRef = 68C21E75217B186700457698 /* LaunchScreen.storyboard */; };
		68C21E84217B1ACB00457698 /* UsersTabBarController.swift in Sources */ = {isa = PBXBuildFile; fileRef = 68C21E83217B1ACB00457698 /* UsersTabBarController.swift */; };
		68C21E86217B1C6300457698 /* Coordinator.swift in Sources */ = {isa = PBXBuildFile; fileRef = 68C21E85217B1C6300457698 /* Coordinator.swift */; };
		68C21E89217B20AF00457698 /* BaseViewController.swift in Sources */ = {isa = PBXBuildFile; fileRef = 68C21E88217B20AF00457698 /* BaseViewController.swift */; };
		68C21E8C217B237F00457698 /* UsersTabsFactory.swift in Sources */ = {isa = PBXBuildFile; fileRef = 68C21E8B217B237F00457698 /* UsersTabsFactory.swift */; };
		68C21E90217B2D1500457698 /* NetworkUsersManager.swift in Sources */ = {isa = PBXBuildFile; fileRef = 68C21E8E217B2D1500457698 /* NetworkUsersManager.swift */; };
		68C21E91217B2D1500457698 /* NetworkHelper.swift in Sources */ = {isa = PBXBuildFile; fileRef = 68C21E8F217B2D1500457698 /* NetworkHelper.swift */; };
		68C21E94217B3C1100457698 /* UsersURLPaths.swift in Sources */ = {isa = PBXBuildFile; fileRef = 68C21E93217B3C1100457698 /* UsersURLPaths.swift */; };
		68C21E96217B3FFB00457698 /* Constants.swift in Sources */ = {isa = PBXBuildFile; fileRef = 68C21E95217B3FFB00457698 /* Constants.swift */; };
		68C21E98217B424300457698 /* User.swift in Sources */ = {isa = PBXBuildFile; fileRef = 68C21E97217B424300457698 /* User.swift */; };
		68CFEE32217BA8080016DD89 /* AlertManager.swift in Sources */ = {isa = PBXBuildFile; fileRef = 68CFEE31217BA8080016DD89 /* AlertManager.swift */; };
		68CFEE34217BABC60016DD89 /* UsersPresenter.swift in Sources */ = {isa = PBXBuildFile; fileRef = 68CFEE33217BABC60016DD89 /* UsersPresenter.swift */; };
		68CFEE36217BAD490016DD89 /* SavedUsersPresenter.swift in Sources */ = {isa = PBXBuildFile; fileRef = 68CFEE35217BAD490016DD89 /* SavedUsersPresenter.swift */; };
/* End PBXBuildFile section */

/* Begin PBXFileReference section */
		0D20767A4DEC44FF2F41DFCE /* Pods-USERS-LIST.release.xcconfig */ = {isa = PBXFileReference; includeInIndex = 1; lastKnownFileType = text.xcconfig; name = "Pods-USERS-LIST.release.xcconfig"; path = "Pods/Target Support Files/Pods-USERS-LIST/Pods-USERS-LIST.release.xcconfig"; sourceTree = "<group>"; };
		41D704E718151E55A14A5341 /* Pods_USERS_LIST.framework */ = {isa = PBXFileReference; explicitFileType = wrapper.framework; includeInIndex = 0; path = Pods_USERS_LIST.framework; sourceTree = BUILT_PRODUCTS_DIR; };
		68C21E69217B186500457698 /* USERS-LIST.app */ = {isa = PBXFileReference; explicitFileType = wrapper.application; includeInIndex = 0; path = "USERS-LIST.app"; sourceTree = BUILT_PRODUCTS_DIR; };
		68C21E6C217B186500457698 /* AppDelegate.swift */ = {isa = PBXFileReference; lastKnownFileType = sourcecode.swift; path = AppDelegate.swift; sourceTree = "<group>"; };
		68C21E6E217B186500457698 /* UsersViewController.swift */ = {isa = PBXFileReference; lastKnownFileType = sourcecode.swift; path = UsersViewController.swift; sourceTree = "<group>"; };
		68C21E71217B186500457698 /* Base */ = {isa = PBXFileReference; lastKnownFileType = file.storyboard; name = Base; path = Base.lproj/Users.storyboard; sourceTree = "<group>"; };
		68C21E73217B186700457698 /* Assets.xcassets */ = {isa = PBXFileReference; lastKnownFileType = folder.assetcatalog; path = Assets.xcassets; sourceTree = "<group>"; };
		68C21E76217B186700457698 /* Base */ = {isa = PBXFileReference; lastKnownFileType = file.storyboard; name = Base; path = Base.lproj/LaunchScreen.storyboard; sourceTree = "<group>"; };
		68C21E78217B186700457698 /* Info.plist */ = {isa = PBXFileReference; lastKnownFileType = text.plist.xml; path = Info.plist; sourceTree = "<group>"; };
		68C21E83217B1ACB00457698 /* UsersTabBarController.swift */ = {isa = PBXFileReference; lastKnownFileType = sourcecode.swift; path = UsersTabBarController.swift; sourceTree = "<group>"; };
		68C21E85217B1C6300457698 /* Coordinator.swift */ = {isa = PBXFileReference; lastKnownFileType = sourcecode.swift; path = Coordinator.swift; sourceTree = "<group>"; };
		68C21E88217B20AF00457698 /* BaseViewController.swift */ = {isa = PBXFileReference; lastKnownFileType = sourcecode.swift; path = BaseViewController.swift; sourceTree = "<group>"; };
		68C21E8B217B237F00457698 /* UsersTabsFactory.swift */ = {isa = PBXFileReference; lastKnownFileType = sourcecode.swift; path = UsersTabsFactory.swift; sourceTree = "<group>"; };
		68C21E8E217B2D1500457698 /* NetworkUsersManager.swift */ = {isa = PBXFileReference; fileEncoding = 4; lastKnownFileType = sourcecode.swift; path = NetworkUsersManager.swift; sourceTree = "<group>"; };
		68C21E8F217B2D1500457698 /* NetworkHelper.swift */ = {isa = PBXFileReference; fileEncoding = 4; lastKnownFileType = sourcecode.swift; path = NetworkHelper.swift; sourceTree = "<group>"; };
		68C21E93217B3C1100457698 /* UsersURLPaths.swift */ = {isa = PBXFileReference; lastKnownFileType = sourcecode.swift; path = UsersURLPaths.swift; sourceTree = "<group>"; };
		68C21E95217B3FFB00457698 /* Constants.swift */ = {isa = PBXFileReference; lastKnownFileType = sourcecode.swift; path = Constants.swift; sourceTree = "<group>"; };
		68C21E97217B424300457698 /* User.swift */ = {isa = PBXFileReference; lastKnownFileType = sourcecode.swift; path = User.swift; sourceTree = "<group>"; };
		68CFEE31217BA8080016DD89 /* AlertManager.swift */ = {isa = PBXFileReference; lastKnownFileType = sourcecode.swift; path = AlertManager.swift; sourceTree = "<group>"; };
		68CFEE33217BABC60016DD89 /* UsersPresenter.swift */ = {isa = PBXFileReference; lastKnownFileType = sourcecode.swift; path = UsersPresenter.swift; sourceTree = "<group>"; };
		68CFEE35217BAD490016DD89 /* SavedUsersPresenter.swift */ = {isa = PBXFileReference; lastKnownFileType = sourcecode.swift; path = SavedUsersPresenter.swift; sourceTree = "<group>"; };
		D6FEC009CD4568F66A7BD363 /* Pods-USERS-LIST.debug.xcconfig */ = {isa = PBXFileReference; includeInIndex = 1; lastKnownFileType = text.xcconfig; name = "Pods-USERS-LIST.debug.xcconfig"; path = "Pods/Target Support Files/Pods-USERS-LIST/Pods-USERS-LIST.debug.xcconfig"; sourceTree = "<group>"; };
/* End PBXFileReference section */

/* Begin PBXFrameworksBuildPhase section */
		68C21E66217B186500457698 /* Frameworks */ = {
			isa = PBXFrameworksBuildPhase;
			buildActionMask = 2147483647;
			files = (
				15239D6D85C207CBC51273A8 /* Pods_USERS_LIST.framework in Frameworks */,
			);
			runOnlyForDeploymentPostprocessing = 0;
		};
/* End PBXFrameworksBuildPhase section */

/* Begin PBXGroup section */
		68C21E60217B186500457698 = {
			isa = PBXGroup;
			children = (
				68C21E6B217B186500457698 /* USERS-LIST */,
				68C21E6A217B186500457698 /* Products */,
				AE4DA31936BFFB46DE0E09AD /* Pods */,
				E59A8E255736B09867E6F578 /* Frameworks */,
			);
			sourceTree = "<group>";
		};
		68C21E6A217B186500457698 /* Products */ = {
			isa = PBXGroup;
			children = (
				68C21E69217B186500457698 /* USERS-LIST.app */,
			);
			name = Products;
			sourceTree = "<group>";
		};
		68C21E6B217B186500457698 /* USERS-LIST */ = {
			isa = PBXGroup;
			children = (
				68C21E78217B186700457698 /* Info.plist */,
				68C21E6C217B186500457698 /* AppDelegate.swift */,
				68C21E87217B208900457698 /* BaseClasses */,
				68C21E80217B1A2800457698 /* Managers */,
				68C21E81217B1A3600457698 /* Extensions */,
				68C21E82217B1A8600457698 /* Main */,
				68C21E7E217B197100457698 /* Users */,
				68C21E7F217B19F900457698 /* Resources */,
			);
			path = "USERS-LIST";
			sourceTree = "<group>";
		};
		68C21E7E217B197100457698 /* Users */ = {
			isa = PBXGroup;
			children = (
				68C21E70217B186500457698 /* Users.storyboard */,
				68C21E99217B424B00457698 /* UsersModel */,
				68C21E92217B3BD800457698 /* UsersNetwork */,
				68C21E8D217B26E300457698 /* UsersTabBar */,
				68C21E9A217B46D000457698 /* UsersController */,
			);
			path = Users;
			sourceTree = "<group>";
		};
		68C21E7F217B19F900457698 /* Resources */ = {
			isa = PBXGroup;
			children = (
				68C21E73217B186700457698 /* Assets.xcassets */,
			);
			path = Resources;
			sourceTree = "<group>";
		};
		68C21E80217B1A2800457698 /* Managers */ = {
			isa = PBXGroup;
			children = (
				68C21E85217B1C6300457698 /* Coordinator.swift */,
				68C21E8F217B2D1500457698 /* NetworkHelper.swift */,
				68CFEE31217BA8080016DD89 /* AlertManager.swift */,
			);
			path = Managers;
			sourceTree = "<group>";
		};
		68C21E81217B1A3600457698 /* Extensions */ = {
			isa = PBXGroup;
			children = (
			);
			path = Extensions;
			sourceTree = "<group>";
		};
		68C21E82217B1A8600457698 /* Main */ = {
			isa = PBXGroup;
			children = (
				68C21E75217B186700457698 /* LaunchScreen.storyboard */,
			);
			path = Main;
			sourceTree = "<group>";
		};
		68C21E87217B208900457698 /* BaseClasses */ = {
			isa = PBXGroup;
			children = (
				68C21E95217B3FFB00457698 /* Constants.swift */,
				68C21E88217B20AF00457698 /* BaseViewController.swift */,
			);
			path = BaseClasses;
			sourceTree = "<group>";
		};
		68C21E8D217B26E300457698 /* UsersTabBar */ = {
			isa = PBXGroup;
			children = (
				68C21E83217B1ACB00457698 /* UsersTabBarController.swift */,
				68C21E8B217B237F00457698 /* UsersTabsFactory.swift */,
			);
			path = UsersTabBar;
			sourceTree = "<group>";
		};
		68C21E92217B3BD800457698 /* UsersNetwork */ = {
			isa = PBXGroup;
			children = (
				68C21E93217B3C1100457698 /* UsersURLPaths.swift */,
				68C21E8E217B2D1500457698 /* NetworkUsersManager.swift */,
			);
			path = UsersNetwork;
			sourceTree = "<group>";
		};
		68C21E99217B424B00457698 /* UsersModel */ = {
			isa = PBXGroup;
			children = (
				68C21E97217B424300457698 /* User.swift */,
			);
			path = UsersModel;
			sourceTree = "<group>";
		};
		68C21E9A217B46D000457698 /* UsersController */ = {
			isa = PBXGroup;
			children = (
				68CFEE33217BABC60016DD89 /* UsersPresenter.swift */,
				68CFEE35217BAD490016DD89 /* SavedUsersPresenter.swift */,
				68C21E6E217B186500457698 /* UsersViewController.swift */,
			);
			path = UsersController;
			sourceTree = "<group>";
		};
		AE4DA31936BFFB46DE0E09AD /* Pods */ = {
			isa = PBXGroup;
			children = (
				D6FEC009CD4568F66A7BD363 /* Pods-USERS-LIST.debug.xcconfig */,
				0D20767A4DEC44FF2F41DFCE /* Pods-USERS-LIST.release.xcconfig */,
			);
			name = Pods;
			sourceTree = "<group>";
		};
		E59A8E255736B09867E6F578 /* Frameworks */ = {
			isa = PBXGroup;
			children = (
				41D704E718151E55A14A5341 /* Pods_USERS_LIST.framework */,
			);
			name = Frameworks;
			sourceTree = "<group>";
		};
/* End PBXGroup section */

/* Begin PBXNativeTarget section */
		68C21E68217B186500457698 /* USERS-LIST */ = {
			isa = PBXNativeTarget;
			buildConfigurationList = 68C21E7B217B186700457698 /* Build configuration list for PBXNativeTarget "USERS-LIST" */;
			buildPhases = (
				20BE52F4201BDF0591BAFA97 /* [CP] Check Pods Manifest.lock */,
				68C21E65217B186500457698 /* Sources */,
				68C21E66217B186500457698 /* Frameworks */,
				68C21E67217B186500457698 /* Resources */,
				E9CB1D657EC9A15BD710DBD4 /* [CP] Embed Pods Frameworks */,
				5DF2E7C5339A7AB4810EF3BE /* [CP] Copy Pods Resources */,
			);
			buildRules = (
			);
			dependencies = (
			);
			name = "USERS-LIST";
			productName = "USERS-LIST";
			productReference = 68C21E69217B186500457698 /* USERS-LIST.app */;
			productType = "com.apple.product-type.application";
		};
/* End PBXNativeTarget section */

/* Begin PBXProject section */
		68C21E61217B186500457698 /* Project object */ = {
			isa = PBXProject;
			attributes = {
				LastSwiftUpdateCheck = 1000;
				LastUpgradeCheck = 1000;
				ORGANIZATIONNAME = Dmitriy;
				TargetAttributes = {
					68C21E68217B186500457698 = {
						CreatedOnToolsVersion = 10.0;
					};
				};
			};
			buildConfigurationList = 68C21E64217B186500457698 /* Build configuration list for PBXProject "USERS-LIST" */;
			compatibilityVersion = "Xcode 9.3";
			developmentRegion = en;
			hasScannedForEncodings = 0;
			knownRegions = (
				en,
				Base,
			);
			mainGroup = 68C21E60217B186500457698;
			productRefGroup = 68C21E6A217B186500457698 /* Products */;
			projectDirPath = "";
			projectRoot = "";
			targets = (
				68C21E68217B186500457698 /* USERS-LIST */,
			);
		};
/* End PBXProject section */

/* Begin PBXResourcesBuildPhase section */
		68C21E67217B186500457698 /* Resources */ = {
			isa = PBXResourcesBuildPhase;
			buildActionMask = 2147483647;
			files = (
				68C21E77217B186700457698 /* LaunchScreen.storyboard in Resources */,
				68C21E74217B186700457698 /* Assets.xcassets in Resources */,
				68C21E72217B186500457698 /* Users.storyboard in Resources */,
			);
			runOnlyForDeploymentPostprocessing = 0;
		};
/* End PBXResourcesBuildPhase section */

/* Begin PBXShellScriptBuildPhase section */
		20BE52F4201BDF0591BAFA97 /* [CP] Check Pods Manifest.lock */ = {
			isa = PBXShellScriptBuildPhase;
			buildActionMask = 2147483647;
			files = (
			);
			inputPaths = (
				"${PODS_PODFILE_DIR_PATH}/Podfile.lock",
				"${PODS_ROOT}/Manifest.lock",
			);
			name = "[CP] Check Pods Manifest.lock";
			outputPaths = (
				"$(DERIVED_FILE_DIR)/Pods-USERS-LIST-checkManifestLockResult.txt",
			);
			runOnlyForDeploymentPostprocessing = 0;
			shellPath = /bin/sh;
			shellScript = "diff \"${PODS_PODFILE_DIR_PATH}/Podfile.lock\" \"${PODS_ROOT}/Manifest.lock\" > /dev/null\nif [ $? != 0 ] ; then\n    # print error to STDERR\n    echo \"error: The sandbox is not in sync with the Podfile.lock. Run 'pod install' or update your CocoaPods installation.\" >&2\n    exit 1\nfi\n# This output is used by Xcode 'outputs' to avoid re-running this script phase.\necho \"SUCCESS\" > \"${SCRIPT_OUTPUT_FILE_0}\"\n";
			showEnvVarsInLog = 0;
		};
		5DF2E7C5339A7AB4810EF3BE /* [CP] Copy Pods Resources */ = {
			isa = PBXShellScriptBuildPhase;
			buildActionMask = 2147483647;
			files = (
			);
			inputPaths = (
			);
			name = "[CP] Copy Pods Resources";
			outputPaths = (
			);
			runOnlyForDeploymentPostprocessing = 0;
			shellPath = /bin/sh;
			shellScript = "\"${SRCROOT}/Pods/Target Support Files/Pods-USERS-LIST/Pods-USERS-LIST-resources.sh\"\n";
			showEnvVarsInLog = 0;
		};
		E9CB1D657EC9A15BD710DBD4 /* [CP] Embed Pods Frameworks */ = {
			isa = PBXShellScriptBuildPhase;
			buildActionMask = 2147483647;
			files = (
			);
			inputPaths = (
				"${SRCROOT}/Pods/Target Support Files/Pods-USERS-LIST/Pods-USERS-LIST-frameworks.sh",
				"${BUILT_PRODUCTS_DIR}/Alamofire/Alamofire.framework",
			);
			name = "[CP] Embed Pods Frameworks";
			outputPaths = (
				"${TARGET_BUILD_DIR}/${FRAMEWORKS_FOLDER_PATH}/Alamofire.framework",
			);
			runOnlyForDeploymentPostprocessing = 0;
			shellPath = /bin/sh;
			shellScript = "\"${SRCROOT}/Pods/Target Support Files/Pods-USERS-LIST/Pods-USERS-LIST-frameworks.sh\"\n";
			showEnvVarsInLog = 0;
		};
/* End PBXShellScriptBuildPhase section */

/* Begin PBXSourcesBuildPhase section */
		68C21E65217B186500457698 /* Sources */ = {
			isa = PBXSourcesBuildPhase;
			buildActionMask = 2147483647;
			files = (
				68C21E89217B20AF00457698 /* BaseViewController.swift in Sources */,
				68CFEE36217BAD490016DD89 /* SavedUsersPresenter.swift in Sources */,
				68CFEE34217BABC60016DD89 /* UsersPresenter.swift in Sources */,
				68C21E86217B1C6300457698 /* Coordinator.swift in Sources */,
				68C21E94217B3C1100457698 /* UsersURLPaths.swift in Sources */,
				68C21E6F217B186500457698 /* UsersViewController.swift in Sources */,
				68C21E6D217B186500457698 /* AppDelegate.swift in Sources */,
				68C21E96217B3FFB00457698 /* Constants.swift in Sources */,
				68C21E84217B1ACB00457698 /* UsersTabBarController.swift in Sources */,
				68C21E8C217B237F00457698 /* UsersTabsFactory.swift in Sources */,
				68CFEE32217BA8080016DD89 /* AlertManager.swift in Sources */,
				68C21E91217B2D1500457698 /* NetworkHelper.swift in Sources */,
				68C21E90217B2D1500457698 /* NetworkUsersManager.swift in Sources */,
				68C21E98217B424300457698 /* User.swift in Sources */,
			);
			runOnlyForDeploymentPostprocessing = 0;
		};
/* End PBXSourcesBuildPhase section */

/* Begin PBXVariantGroup section */
		68C21E70217B186500457698 /* Users.storyboard */ = {
			isa = PBXVariantGroup;
			children = (
				68C21E71217B186500457698 /* Base */,
			);
			name = Users.storyboard;
			sourceTree = "<group>";
		};
		68C21E75217B186700457698 /* LaunchScreen.storyboard */ = {
			isa = PBXVariantGroup;
			children = (
				68C21E76217B186700457698 /* Base */,
			);
			name = LaunchScreen.storyboard;
			sourceTree = "<group>";
		};
/* End PBXVariantGroup section */

/* Begin XCBuildConfiguration section */
		68C21E79217B186700457698 /* Debug */ = {
			isa = XCBuildConfiguration;
			buildSettings = {
				ALWAYS_SEARCH_USER_PATHS = NO;
				CLANG_ANALYZER_NONNULL = YES;
				CLANG_ANALYZER_NUMBER_OBJECT_CONVERSION = YES_AGGRESSIVE;
				CLANG_CXX_LANGUAGE_STANDARD = "gnu++14";
				CLANG_CXX_LIBRARY = "libc++";
				CLANG_ENABLE_MODULES = YES;
				CLANG_ENABLE_OBJC_ARC = YES;
				CLANG_ENABLE_OBJC_WEAK = YES;
				CLANG_WARN_BLOCK_CAPTURE_AUTORELEASING = YES;
				CLANG_WARN_BOOL_CONVERSION = YES;
				CLANG_WARN_COMMA = YES;
				CLANG_WARN_CONSTANT_CONVERSION = YES;
				CLANG_WARN_DEPRECATED_OBJC_IMPLEMENTATIONS = YES;
				CLANG_WARN_DIRECT_OBJC_ISA_USAGE = YES_ERROR;
				CLANG_WARN_DOCUMENTATION_COMMENTS = YES;
				CLANG_WARN_EMPTY_BODY = YES;
				CLANG_WARN_ENUM_CONVERSION = YES;
				CLANG_WARN_INFINITE_RECURSION = YES;
				CLANG_WARN_INT_CONVERSION = YES;
				CLANG_WARN_NON_LITERAL_NULL_CONVERSION = YES;
				CLANG_WARN_OBJC_IMPLICIT_RETAIN_SELF = YES;
				CLANG_WARN_OBJC_LITERAL_CONVERSION = YES;
				CLANG_WARN_OBJC_ROOT_CLASS = YES_ERROR;
				CLANG_WARN_RANGE_LOOP_ANALYSIS = YES;
				CLANG_WARN_STRICT_PROTOTYPES = YES;
				CLANG_WARN_SUSPICIOUS_MOVE = YES;
				CLANG_WARN_UNGUARDED_AVAILABILITY = YES_AGGRESSIVE;
				CLANG_WARN_UNREACHABLE_CODE = YES;
				CLANG_WARN__DUPLICATE_METHOD_MATCH = YES;
				CODE_SIGN_IDENTITY = "iPhone Developer";
				COPY_PHASE_STRIP = NO;
				DEBUG_INFORMATION_FORMAT = dwarf;
				ENABLE_STRICT_OBJC_MSGSEND = YES;
				ENABLE_TESTABILITY = YES;
				GCC_C_LANGUAGE_STANDARD = gnu11;
				GCC_DYNAMIC_NO_PIC = NO;
				GCC_NO_COMMON_BLOCKS = YES;
				GCC_OPTIMIZATION_LEVEL = 0;
				GCC_PREPROCESSOR_DEFINITIONS = (
					"DEBUG=1",
					"$(inherited)",
				);
				GCC_WARN_64_TO_32_BIT_CONVERSION = YES;
				GCC_WARN_ABOUT_RETURN_TYPE = YES_ERROR;
				GCC_WARN_UNDECLARED_SELECTOR = YES;
				GCC_WARN_UNINITIALIZED_AUTOS = YES_AGGRESSIVE;
				GCC_WARN_UNUSED_FUNCTION = YES;
				GCC_WARN_UNUSED_VARIABLE = YES;
				IPHONEOS_DEPLOYMENT_TARGET = 12.0;
				MTL_ENABLE_DEBUG_INFO = INCLUDE_SOURCE;
				MTL_FAST_MATH = YES;
				ONLY_ACTIVE_ARCH = YES;
				SDKROOT = iphoneos;
				SWIFT_ACTIVE_COMPILATION_CONDITIONS = DEBUG;
				SWIFT_OPTIMIZATION_LEVEL = "-Onone";
			};
			name = Debug;
		};
		68C21E7A217B186700457698 /* Release */ = {
			isa = XCBuildConfiguration;
			buildSettings = {
				ALWAYS_SEARCH_USER_PATHS = NO;
				CLANG_ANALYZER_NONNULL = YES;
				CLANG_ANALYZER_NUMBER_OBJECT_CONVERSION = YES_AGGRESSIVE;
				CLANG_CXX_LANGUAGE_STANDARD = "gnu++14";
				CLANG_CXX_LIBRARY = "libc++";
				CLANG_ENABLE_MODULES = YES;
				CLANG_ENABLE_OBJC_ARC = YES;
				CLANG_ENABLE_OBJC_WEAK = YES;
				CLANG_WARN_BLOCK_CAPTURE_AUTORELEASING = YES;
				CLANG_WARN_BOOL_CONVERSION = YES;
				CLANG_WARN_COMMA = YES;
				CLANG_WARN_CONSTANT_CONVERSION = YES;
				CLANG_WARN_DEPRECATED_OBJC_IMPLEMENTATIONS = YES;
				CLANG_WARN_DIRECT_OBJC_ISA_USAGE = YES_ERROR;
				CLANG_WARN_DOCUMENTATION_COMMENTS = YES;
				CLANG_WARN_EMPTY_BODY = YES;
				CLANG_WARN_ENUM_CONVERSION = YES;
				CLANG_WARN_INFINITE_RECURSION = YES;
				CLANG_WARN_INT_CONVERSION = YES;
				CLANG_WARN_NON_LITERAL_NULL_CONVERSION = YES;
				CLANG_WARN_OBJC_IMPLICIT_RETAIN_SELF = YES;
				CLANG_WARN_OBJC_LITERAL_CONVERSION = YES;
				CLANG_WARN_OBJC_ROOT_CLASS = YES_ERROR;
				CLANG_WARN_RANGE_LOOP_ANALYSIS = YES;
				CLANG_WARN_STRICT_PROTOTYPES = YES;
				CLANG_WARN_SUSPICIOUS_MOVE = YES;
				CLANG_WARN_UNGUARDED_AVAILABILITY = YES_AGGRESSIVE;
				CLANG_WARN_UNREACHABLE_CODE = YES;
				CLANG_WARN__DUPLICATE_METHOD_MATCH = YES;
				CODE_SIGN_IDENTITY = "iPhone Developer";
				COPY_PHASE_STRIP = NO;
				DEBUG_INFORMATION_FORMAT = "dwarf-with-dsym";
				ENABLE_NS_ASSERTIONS = NO;
				ENABLE_STRICT_OBJC_MSGSEND = YES;
				GCC_C_LANGUAGE_STANDARD = gnu11;
				GCC_NO_COMMON_BLOCKS = YES;
				GCC_WARN_64_TO_32_BIT_CONVERSION = YES;
				GCC_WARN_ABOUT_RETURN_TYPE = YES_ERROR;
				GCC_WARN_UNDECLARED_SELECTOR = YES;
				GCC_WARN_UNINITIALIZED_AUTOS = YES_AGGRESSIVE;
				GCC_WARN_UNUSED_FUNCTION = YES;
				GCC_WARN_UNUSED_VARIABLE = YES;
				IPHONEOS_DEPLOYMENT_TARGET = 12.0;
				MTL_ENABLE_DEBUG_INFO = NO;
				MTL_FAST_MATH = YES;
				SDKROOT = iphoneos;
				SWIFT_COMPILATION_MODE = wholemodule;
				SWIFT_OPTIMIZATION_LEVEL = "-O";
				VALIDATE_PRODUCT = YES;
			};
			name = Release;
		};
		68C21E7C217B186700457698 /* Debug */ = {
			isa = XCBuildConfiguration;
			baseConfigurationReference = D6FEC009CD4568F66A7BD363 /* Pods-USERS-LIST.debug.xcconfig */;
			buildSettings = {
				ASSETCATALOG_COMPILER_APPICON_NAME = AppIcon;
				CODE_SIGN_STYLE = Automatic;
				INFOPLIST_FILE = "USERS-LIST/Info.plist";
				IPHONEOS_DEPLOYMENT_TARGET = 10.0;
				LD_RUNPATH_SEARCH_PATHS = (
					"$(inherited)",
					"@executable_path/Frameworks",
				);
				PRODUCT_BUNDLE_IDENTIFIER = "home.dev.USERS-LIST";
				PRODUCT_NAME = "$(TARGET_NAME)";
				SWIFT_VERSION = 4.2;
				TARGETED_DEVICE_FAMILY = 1;
			};
			name = Debug;
		};
		68C21E7D217B186700457698 /* Release */ = {
			isa = XCBuildConfiguration;
			baseConfigurationReference = 0D20767A4DEC44FF2F41DFCE /* Pods-USERS-LIST.release.xcconfig */;
			buildSettings = {
				ASSETCATALOG_COMPILER_APPICON_NAME = AppIcon;
				CODE_SIGN_STYLE = Automatic;
				INFOPLIST_FILE = "USERS-LIST/Info.plist";
				IPHONEOS_DEPLOYMENT_TARGET = 10.0;
				LD_RUNPATH_SEARCH_PATHS = (
					"$(inherited)",
					"@executable_path/Frameworks",
				);
				PRODUCT_BUNDLE_IDENTIFIER = "home.dev.USERS-LIST";
				PRODUCT_NAME = "$(TARGET_NAME)";
				SWIFT_VERSION = 4.2;
				TARGETED_DEVICE_FAMILY = 1;
			};
			name = Release;
		};
/* End XCBuildConfiguration section */

/* Begin XCConfigurationList section */
		68C21E64217B186500457698 /* Build configuration list for PBXProject "USERS-LIST" */ = {
			isa = XCConfigurationList;
			buildConfigurations = (
				68C21E79217B186700457698 /* Debug */,
				68C21E7A217B186700457698 /* Release */,
			);
			defaultConfigurationIsVisible = 0;
			defaultConfigurationName = Release;
		};
		68C21E7B217B186700457698 /* Build configuration list for PBXNativeTarget "USERS-LIST" */ = {
			isa = XCConfigurationList;
			buildConfigurations = (
				68C21E7C217B186700457698 /* Debug */,
				68C21E7D217B186700457698 /* Release */,
			);
			defaultConfigurationIsVisible = 0;
			defaultConfigurationName = Release;
		};
/* End XCConfigurationList section */
	};
	rootObject = 68C21E61217B186500457698 /* Project object */;
}
